
Microsoft Visual Studio Solution File, Format Version 12.00
# Visual Studio 14
VisualStudioVersion = 14.0.25420.1
MinimumVisualStudioVersion = 10.0.40219.1
Project("{FAE04EC0-301F-11D3-BF4B-00C04F79EFBC}") = "pnx-mono", "pnx-mono.csproj", "{2848690F-1769-4EE4-95B2-C1924AB7AD61}"
EndProject
Project("{2150E333-8FDC-42A3-9474-1A3956D46DE8}") = "Solution Items", "Solution Items", "{F44BE103-CEB1-459B-8718-BF47111102FD}"
EndProject
Global
	GlobalSection(SolutionConfigurationPlatforms) = preSolution
		Debug|Any CPU = Debug|Any CPU
		Debug|x86 = Debug|x86
		Release|Any CPU = Release|Any CPU
		Release|x86 = Release|x86
	EndGlobalSection
	GlobalSection(ProjectConfigurationPlatforms) = postSolution
		{2848690F-1769-4EE4-95B2-C1924AB7AD61}.Debug|Any CPU.ActiveCfg = Debug|Any CPU
		{2848690F-1769-4EE4-95B2-C1924AB7AD61}.Debug|Any CPU.Build.0 = Debug|Any CPU
		{2848690F-1769-4EE4-95B2-C1924AB7AD61}.Debug|x86.ActiveCfg = Debug|Any CPU
		{2848690F-1769-4EE4-95B2-C1924AB7AD61}.Debug|x86.Build.0 = Debug|Any CPU
		{2848690F-1769-4EE4-95B2-C1924AB7AD61}.Release|Any CPU.ActiveCfg = Release|Any CPU
		{2848690F-1769-4EE4-95B2-C1924AB7AD61}.Release|Any CPU.Build.0 = Release|Any CPU
		{2848690F-1769-4EE4-95B2-C1924AB7AD61}.Release|x86.ActiveCfg = Release|x86
		{2848690F-1769-4EE4-95B2-C1924AB7AD61}.Release|x86.Build.0 = Release|x86
	EndGlobalSection
	GlobalSection(SolutionProperties) = preSolution
		HideSolutionNode = FALSE
	EndGlobalSection
EndGlobal
